
Microsoft Visual Studio Solution File, Format Version 12.00
# Visual Studio Version 16
VisualStudioVersion = 16.0.31105.61
MinimumVisualStudioVersion = 10.0.40219.1
Project("{8BC9CEB8-8B4A-11D0-8D11-00A0C91BC942}") = "ch2-ex2-2", "ch2\ch2.vcxproj", "{C136E0FA-E8DD-4CA4-B68A-F7FF7FAEE776}"
EndProject
Project("{8BC9CEB8-8B4A-11D0-8D11-00A0C91BC942}") = "ch2 ex2-3", "ch2 ex2-3\ch2 ex2-3.vcxproj", "{EE825425-DAA1-4420-A67F-CB68FBEE8812}"
EndProject
Project("{8BC9CEB8-8B4A-11D0-8D11-00A0C91BC942}") = "ch2 ex2-5", "ch2 ex2-5\ch2 ex2-5.vcxproj", "{DE3D3901-8FF5-4599-A902-4ABAC70D4CDD}"
EndProject
Project("{8BC9CEB8-8B4A-11D0-8D11-00A0C91BC942}") = "ex2-8", "ex2-8\ex2-8.vcxproj", "{D5E8BCB8-B114-4B60-B1C4-53F51D9E437F}"
EndProject
Project("{8BC9CEB8-8B4A-11D0-8D11-00A0C91BC942}") = "ex2-10", "ex2-10\ex2-10.vcxproj", "{8FFF9A3B-3E13-4EF8-A306-6ABE48ABFAE2}"
EndProject
Project("{8BC9CEB8-8B4A-11D0-8D11-00A0C91BC942}") = "ex2-12", "ex2-12\ex2-12.vcxproj", "{27658AFD-E924-4CF0-AE9E-6577843EE452}"
EndProject
Project("{8BC9CEB8-8B4A-11D0-8D11-00A0C91BC942}") = "ex2-13", "ex2-13\ex2-13.vcxproj", "{91FF0437-5C43-4193-8DB4-99535FA3CBC3}"
EndProject
Project("{8BC9CEB8-8B4A-11D0-8D11-00A0C91BC942}") = "ex2-14", "ex2-14\ex2-14.vcxproj", "{0AF73851-72C7-4DD6-B9E9-DF5DEC8EA3B1}"
EndProject
Project("{8BC9CEB8-8B4A-11D0-8D11-00A0C91BC942}") = "ex3-1", "ex3-1\ex3-1.vcxproj", "{E8BAAB99-C2D0-4919-89BB-A1878A97BC16}"
EndProject
Project("{8BC9CEB8-8B4A-11D0-8D11-00A0C91BC942}") = "ex3-4", "ex3-4\ex3-4.vcxproj", "{9BDA493F-6B76-491B-8FB0-4B7F112634B8}"
EndProject
Project("{8BC9CEB8-8B4A-11D0-8D11-00A0C91BC942}") = "ch2-16", "ch2-16\ch2-16.vcxproj", "{ECEE2C44-00A3-4DA3-92EF-4B1718C94D1F}"
EndProject
Project("{8BC9CEB8-8B4A-11D0-8D11-00A0C91BC942}") = "ch2-23", "ch2-23\ch2-23.vcxproj", "{B12711F7-32BD-4E67-9824-444471A94DAF}"
EndProject
Project("{8BC9CEB8-8B4A-11D0-8D11-00A0C91BC942}") = "ex3-5", "ex3-5\ex3-5.vcxproj", "{1F577BC7-C51F-48D3-832C-8B86C04ED4EC}"
EndProject
Global
	GlobalSection(SolutionConfigurationPlatforms) = preSolution
		Debug|x64 = Debug|x64
		Debug|x86 = Debug|x86
		Release|x64 = Release|x64
		Release|x86 = Release|x86
	EndGlobalSection
	GlobalSection(ProjectConfigurationPlatforms) = postSolution
		{C136E0FA-E8DD-4CA4-B68A-F7FF7FAEE776}.Debug|x64.ActiveCfg = Debug|x64
		{C136E0FA-E8DD-4CA4-B68A-F7FF7FAEE776}.Debug|x64.Build.0 = Debug|x64
		{C136E0FA-E8DD-4CA4-B68A-F7FF7FAEE776}.Debug|x86.ActiveCfg = Debug|Win32
		{C136E0FA-E8DD-4CA4-B68A-F7FF7FAEE776}.Debug|x86.Build.0 = Debug|Win32
		{C136E0FA-E8DD-4CA4-B68A-F7FF7FAEE776}.Release|x64.ActiveCfg = Release|x64
		{C136E0FA-E8DD-4CA4-B68A-F7FF7FAEE776}.Release|x64.Build.0 = Release|x64
		{C136E0FA-E8DD-4CA4-B68A-F7FF7FAEE776}.Release|x86.ActiveCfg = Release|Win32
		{C136E0FA-E8DD-4CA4-B68A-F7FF7FAEE776}.Release|x86.Build.0 = Release|Win32
		{EE825425-DAA1-4420-A67F-CB68FBEE8812}.Debug|x64.ActiveCfg = Debug|x64
		{EE825425-DAA1-4420-A67F-CB68FBEE8812}.Debug|x64.Build.0 = Debug|x64
		{EE825425-DAA1-4420-A67F-CB68FBEE8812}.Debug|x86.ActiveCfg = Debug|Win32
		{EE825425-DAA1-4420-A67F-CB68FBEE8812}.Debug|x86.Build.0 = Debug|Win32
		{EE825425-DAA1-4420-A67F-CB68FBEE8812}.Release|x64.ActiveCfg = Release|x64
		{EE825425-DAA1-4420-A67F-CB68FBEE8812}.Release|x64.Build.0 = Release|x64
		{EE825425-DAA1-4420-A67F-CB68FBEE8812}.Release|x86.ActiveCfg = Release|Win32
		{EE825425-DAA1-4420-A67F-CB68FBEE8812}.Release|x86.Build.0 = Release|Win32
		{DE3D3901-8FF5-4599-A902-4ABAC70D4CDD}.Debug|x64.ActiveCfg = Debug|x64
		{DE3D3901-8FF5-4599-A902-4ABAC70D4CDD}.Debug|x64.Build.0 = Debug|x64
		{DE3D3901-8FF5-4599-A902-4ABAC70D4CDD}.Debug|x86.ActiveCfg = Debug|Win32
		{DE3D3901-8FF5-4599-A902-4ABAC70D4CDD}.Debug|x86.Build.0 = Debug|Win32
		{DE3D3901-8FF5-4599-A902-4ABAC70D4CDD}.Release|x64.ActiveCfg = Release|x64
		{DE3D3901-8FF5-4599-A902-4ABAC70D4CDD}.Release|x64.Build.0 = Release|x64
		{DE3D3901-8FF5-4599-A902-4ABAC70D4CDD}.Release|x86.ActiveCfg = Release|Win32
		{DE3D3901-8FF5-4599-A902-4ABAC70D4CDD}.Release|x86.Build.0 = Release|Win32
		{D5E8BCB8-B114-4B60-B1C4-53F51D9E437F}.Debug|x64.ActiveCfg = Debug|x64
		{D5E8BCB8-B114-4B60-B1C4-53F51D9E437F}.Debug|x64.Build.0 = Debug|x64
		{D5E8BCB8-B114-4B60-B1C4-53F51D9E437F}.Debug|x86.ActiveCfg = Debug|Win32
		{D5E8BCB8-B114-4B60-B1C4-53F51D9E437F}.Debug|x86.Build.0 = Debug|Win32
		{D5E8BCB8-B114-4B60-B1C4-53F51D9E437F}.Release|x64.ActiveCfg = Release|x64
		{D5E8BCB8-B114-4B60-B1C4-53F51D9E437F}.Release|x64.Build.0 = Release|x64
		{D5E8BCB8-B114-4B60-B1C4-53F51D9E437F}.Release|x86.ActiveCfg = Release|Win32
		{D5E8BCB8-B114-4B60-B1C4-53F51D9E437F}.Release|x86.Build.0 = Release|Win32
		{8FFF9A3B-3E13-4EF8-A306-6ABE48ABFAE2}.Debug|x64.ActiveCfg = Debug|x64
		{8FFF9A3B-3E13-4EF8-A306-6ABE48ABFAE2}.Debug|x64.Build.0 = Debug|x64
		{8FFF9A3B-3E13-4EF8-A306-6ABE48ABFAE2}.Debug|x86.ActiveCfg = Debug|Win32
		{8FFF9A3B-3E13-4EF8-A306-6ABE48ABFAE2}.Debug|x86.Build.0 = Debug|Win32
		{8FFF9A3B-3E13-4EF8-A306-6ABE48ABFAE2}.Release|x64.ActiveCfg = Release|x64
		{8FFF9A3B-3E13-4EF8-A306-6ABE48ABFAE2}.Release|x64.Build.0 = Release|x64
		{8FFF9A3B-3E13-4EF8-A306-6ABE48ABFAE2}.Release|x86.ActiveCfg = Release|Win32
		{8FFF9A3B-3E13-4EF8-A306-6ABE48ABFAE2}.Release|x86.Build.0 = Release|Win32
		{27658AFD-E924-4CF0-AE9E-6577843EE452}.Debug|x64.ActiveCfg = Debug|x64
		{27658AFD-E924-4CF0-AE9E-6577843EE452}.Debug|x64.Build.0 = Debug|x64
		{27658AFD-E924-4CF0-AE9E-6577843EE452}.Debug|x86.ActiveCfg = Debug|Win32
		{27658AFD-E924-4CF0-AE9E-6577843EE452}.Debug|x86.Build.0 = Debug|Win32
		{27658AFD-E924-4CF0-AE9E-6577843EE452}.Release|x64.ActiveCfg = Release|x64
		{27658AFD-E924-4CF0-AE9E-6577843EE452}.Release|x64.Build.0 = Release|x64
		{27658AFD-E924-4CF0-AE9E-6577843EE452}.Release|x86.ActiveCfg = Release|Win32
		{27658AFD-E924-4CF0-AE9E-6577843EE452}.Release|x86.Build.0 = Release|Win32
		{91FF0437-5C43-4193-8DB4-99535FA3CBC3}.Debug|x64.ActiveCfg = Debug|x64
		{91FF0437-5C43-4193-8DB4-99535FA3CBC3}.Debug|x64.Build.0 = Debug|x64
		{91FF0437-5C43-4193-8DB4-99535FA3CBC3}.Debug|x86.ActiveCfg = Debug|Win32
		{91FF0437-5C43-4193-8DB4-99535FA3CBC3}.Debug|x86.Build.0 = Debug|Win32
		{91FF0437-5C43-4193-8DB4-99535FA3CBC3}.Release|x64.ActiveCfg = Release|x64
		{91FF0437-5C43-4193-8DB4-99535FA3CBC3}.Release|x64.Build.0 = Release|x64
		{91FF0437-5C43-4193-8DB4-99535FA3CBC3}.Release|x86.ActiveCfg = Release|Win32
		{91FF0437-5C43-4193-8DB4-99535FA3CBC3}.Release|x86.Build.0 = Release|Win32
		{0AF73851-72C7-4DD6-B9E9-DF5DEC8EA3B1}.Debug|x64.ActiveCfg = Debug|x64
		{0AF73851-72C7-4DD6-B9E9-DF5DEC8EA3B1}.Debug|x64.Build.0 = Debug|x64
		{0AF73851-72C7-4DD6-B9E9-DF5DEC8EA3B1}.Debug|x86.ActiveCfg = Debug|Win32
		{0AF73851-72C7-4DD6-B9E9-DF5DEC8EA3B1}.Debug|x86.Build.0 = Debug|Win32
		{0AF73851-72C7-4DD6-B9E9-DF5DEC8EA3B1}.Release|x64.ActiveCfg = Release|x64
		{0AF73851-72C7-4DD6-B9E9-DF5DEC8EA3B1}.Release|x64.Build.0 = Release|x64
		{0AF73851-72C7-4DD6-B9E9-DF5DEC8EA3B1}.Release|x86.ActiveCfg = Release|Win32
		{0AF73851-72C7-4DD6-B9E9-DF5DEC8EA3B1}.Release|x86.Build.0 = Release|Win32
		{E8BAAB99-C2D0-4919-89BB-A1878A97BC16}.Debug|x64.ActiveCfg = Debug|x64
		{E8BAAB99-C2D0-4919-89BB-A1878A97BC16}.Debug|x64.Build.0 = Debug|x64
		{E8BAAB99-C2D0-4919-89BB-A1878A97BC16}.Debug|x86.ActiveCfg = Debug|Win32
		{E8BAAB99-C2D0-4919-89BB-A1878A97BC16}.Debug|x86.Build.0 = Debug|Win32
		{E8BAAB99-C2D0-4919-89BB-A1878A97BC16}.Release|x64.ActiveCfg = Release|x64
		{E8BAAB99-C2D0-4919-89BB-A1878A97BC16}.Release|x64.Build.0 = Release|x64
		{E8BAAB99-C2D0-4919-89BB-A1878A97BC16}.Release|x86.ActiveCfg = Release|Win32
		{E8BAAB99-C2D0-4919-89BB-A1878A97BC16}.Release|x86.Build.0 = Release|Win32
		{9BDA493F-6B76-491B-8FB0-4B7F112634B8}.Debug|x64.ActiveCfg = Debug|x64
		{9BDA493F-6B76-491B-8FB0-4B7F112634B8}.Debug|x64.Build.0 = Debug|x64
		{9BDA493F-6B76-491B-8FB0-4B7F112634B8}.Debug|x86.ActiveCfg = Debug|Win32
		{9BDA493F-6B76-491B-8FB0-4B7F112634B8}.Debug|x86.Build.0 = Debug|Win32
		{9BDA493F-6B76-491B-8FB0-4B7F112634B8}.Release|x64.ActiveCfg = Release|x64
		{9BDA493F-6B76-491B-8FB0-4B7F112634B8}.Release|x64.Build.0 = Release|x64
		{9BDA493F-6B76-491B-8FB0-4B7F112634B8}.Release|x86.ActiveCfg = Release|Win32
		{9BDA493F-6B76-491B-8FB0-4B7F112634B8}.Release|x86.Build.0 = Release|Win32
		{ECEE2C44-00A3-4DA3-92EF-4B1718C94D1F}.Debug|x64.ActiveCfg = Debug|x64
		{ECEE2C44-00A3-4DA3-92EF-4B1718C94D1F}.Debug|x64.Build.0 = Debug|x64
		{ECEE2C44-00A3-4DA3-92EF-4B1718C94D1F}.Debug|x86.ActiveCfg = Debug|Win32
		{ECEE2C44-00A3-4DA3-92EF-4B1718C94D1F}.Debug|x86.Build.0 = Debug|Win32
		{ECEE2C44-00A3-4DA3-92EF-4B1718C94D1F}.Release|x64.ActiveCfg = Release|x64
		{ECEE2C44-00A3-4DA3-92EF-4B1718C94D1F}.Release|x64.Build.0 = Release|x64
		{ECEE2C44-00A3-4DA3-92EF-4B1718C94D1F}.Release|x86.ActiveCfg = Release|Win32
		{ECEE2C44-00A3-4DA3-92EF-4B1718C94D1F}.Release|x86.Build.0 = Release|Win32
		{B12711F7-32BD-4E67-9824-444471A94DAF}.Debug|x64.ActiveCfg = Debug|x64
		{B12711F7-32BD-4E67-9824-444471A94DAF}.Debug|x64.Build.0 = Debug|x64
		{B12711F7-32BD-4E67-9824-444471A94DAF}.Debug|x86.ActiveCfg = Debug|Win32
		{B12711F7-32BD-4E67-9824-444471A94DAF}.Debug|x86.Build.0 = Debug|Win32
		{B12711F7-32BD-4E67-9824-444471A94DAF}.Release|x64.ActiveCfg = Release|x64
		{B12711F7-32BD-4E67-9824-444471A94DAF}.Release|x64.Build.0 = Release|x64
		{B12711F7-32BD-4E67-9824-444471A94DAF}.Release|x86.ActiveCfg = Release|Win32
		{B12711F7-32BD-4E67-9824-444471A94DAF}.Release|x86.Build.0 = Release|Win32
		{1F577BC7-C51F-48D3-832C-8B86C04ED4EC}.Debug|x64.ActiveCfg = Debug|x64
		{1F577BC7-C51F-48D3-832C-8B86C04ED4EC}.Debug|x64.Build.0 = Debug|x64
		{1F577BC7-C51F-48D3-832C-8B86C04ED4EC}.Debug|x86.ActiveCfg = Debug|Win32
		{1F577BC7-C51F-48D3-832C-8B86C04ED4EC}.Debug|x86.Build.0 = Debug|Win32
		{1F577BC7-C51F-48D3-832C-8B86C04ED4EC}.Release|x64.ActiveCfg = Release|x64
		{1F577BC7-C51F-48D3-832C-8B86C04ED4EC}.Release|x64.Build.0 = Release|x64
		{1F577BC7-C51F-48D3-832C-8B86C04ED4EC}.Release|x86.ActiveCfg = Release|Win32
		{1F577BC7-C51F-48D3-832C-8B86C04ED4EC}.Release|x86.Build.0 = Release|Win32
	EndGlobalSection
	GlobalSection(SolutionProperties) = preSolution
		HideSolutionNode = FALSE
	EndGlobalSection
	GlobalSection(ExtensibilityGlobals) = postSolution
		SolutionGuid = {A40DF610-2FD6-4EF5-940F-79E714F3E8F8}
	EndGlobalSection
EndGlobal
